
Microsoft Visual Studio Solution File, Format Version 12.00
# Visual Studio Version 16
VisualStudioVersion = 16.0.31729.503
MinimumVisualStudioVersion = 10.0.40219.1
Project("{8BC9CEB8-8B4A-11D0-8D11-00A0C91BC942}") = "playTest", "playTest.vcxproj", "{5F4D3FD7-AEFE-4A0E-9EC8-017742829CC5}"
EndProject
Global
	GlobalSection(SolutionConfigurationPlatforms) = preSolution
		Debug|x64 = Debug|x64
		Release|x64 = Release|x64
	EndGlobalSection
	GlobalSection(ProjectConfigurationPlatforms) = postSolution
		{5F4D3FD7-AEFE-4A0E-9EC8-017742829CC5}.Debug|x64.ActiveCfg = Debug|x64
		{5F4D3FD7-AEFE-4A0E-9EC8-017742829CC5}.Debug|x64.Build.0 = Debug|x64
		{5F4D3FD7-AEFE-4A0E-9EC8-017742829CC5}.Release|x64.ActiveCfg = Release|x64
		{5F4D3FD7-AEFE-4A0E-9EC8-017742829CC5}.Release|x64.Build.0 = Release|x64
	EndGlobalSection
	GlobalSection(SolutionProperties) = preSolution
		HideSolutionNode = FALSE
	EndGlobalSection
	GlobalSection(ExtensibilityGlobals) = postSolution
		SolutionGuid = {3D11C1A4-1A6F-4028-8BBA-977F71A12D47}
	EndGlobalSection
EndGlobal
